PODS:
  - CJUIKit (0.2.3):
    - SDWebImage
  - SDWebImage (3.8.1):
    - SDWebImage/Core (= 3.8.1)
  - SDWebImage/Core (3.8.1)

DEPENDENCIES:
  - CJUIKit (from `../`)

EXTERNAL SOURCES:
  CJUIKit:
    :path: ../

SPEC CHECKSUMS:
  CJUIKit: f54eab1f00adfec2ab60856576f15e6d2a24160d
  SDWebImage: 35f9627a3e44b4f292a8a8ce6a531fa488239b91

PODFILE CHECKSUM: 0a7f193fb4b5c6e5e17886d52110070991347884

COCOAPODS: 1.0.0
